
Microsoft Visual Studio Solution File, Format Version 12.00
# Visual Studio Version 17
VisualStudioVersion = 17.9.34728.123
MinimumVisualStudioVersion = 10.0.40219.1
Project("{9A19103F-16F7-4668-BE54-9A1E7A4F7556}") = "GdsToJenovaCpp.RestApi", "GdsToJenovaCpp.RestApi.csproj", "{C23A09B6-D1B9-4AF4-92D6-442FF7254846}"
EndProject
Project("{9A19103F-16F7-4668-BE54-9A1E7A4F7556}") = "GdsToJenovaCpp.Specification", "..\GdsToCpp.Specification\GdsToJenovaCpp.Specification.csproj", "{4950F154-1D62-4A23-B922-A077EB5259AA}"
EndProject
Project("{FAE04EC0-301F-11D3-BF4B-00C04F79EFBC}") = "GdsToJenovaCpp.Main", "..\GdsToJenovaCpp.Main\GdsToJenovaCpp.Main.csproj", "{4EB2C966-3FA9-41D8-A955-8DF876F42A12}"
EndProject
Global
	GlobalSection(SolutionConfigurationPlatforms) = preSolution
		Debug|Any CPU = Debug|Any CPU
		Debug|x64 = Debug|x64
		Debug|x86 = Debug|x86
		Release|Any CPU = Release|Any CPU
		Release|x64 = Release|x64
		Release|x86 = Release|x86
	EndGlobalSection
	GlobalSection(ProjectConfigurationPlatforms) = postSolution
		{C23A09B6-D1B9-4AF4-92D6-442FF7254846}.Debug|Any CPU.ActiveCfg = Debug|Any CPU
		{C23A09B6-D1B9-4AF4-92D6-442FF7254846}.Debug|Any CPU.Build.0 = Debug|Any CPU
		{C23A09B6-D1B9-4AF4-92D6-442FF7254846}.Debug|x64.ActiveCfg = Debug|Any CPU
		{C23A09B6-D1B9-4AF4-92D6-442FF7254846}.Debug|x64.Build.0 = Debug|Any CPU
		{C23A09B6-D1B9-4AF4-92D6-442FF7254846}.Debug|x86.ActiveCfg = Debug|Any CPU
		{C23A09B6-D1B9-4AF4-92D6-442FF7254846}.Debug|x86.Build.0 = Debug|Any CPU
		{C23A09B6-D1B9-4AF4-92D6-442FF7254846}.Release|Any CPU.ActiveCfg = Release|Any CPU
		{C23A09B6-D1B9-4AF4-92D6-442FF7254846}.Release|Any CPU.Build.0 = Release|Any CPU
		{C23A09B6-D1B9-4AF4-92D6-442FF7254846}.Release|x64.ActiveCfg = Release|Any CPU
		{C23A09B6-D1B9-4AF4-92D6-442FF7254846}.Release|x64.Build.0 = Release|Any CPU
		{C23A09B6-D1B9-4AF4-92D6-442FF7254846}.Release|x86.ActiveCfg = Release|Any CPU
		{C23A09B6-D1B9-4AF4-92D6-442FF7254846}.Release|x86.Build.0 = Release|Any CPU
		{4950F154-1D62-4A23-B922-A077EB5259AA}.Debug|Any CPU.ActiveCfg = Debug|Any CPU
		{4950F154-1D62-4A23-B922-A077EB5259AA}.Debug|Any CPU.Build.0 = Debug|Any CPU
		{4950F154-1D62-4A23-B922-A077EB5259AA}.Debug|x64.ActiveCfg = Debug|Any CPU
		{4950F154-1D62-4A23-B922-A077EB5259AA}.Debug|x64.Build.0 = Debug|Any CPU
		{4950F154-1D62-4A23-B922-A077EB5259AA}.Debug|x86.ActiveCfg = Debug|Any CPU
		{4950F154-1D62-4A23-B922-A077EB5259AA}.Debug|x86.Build.0 = Debug|Any CPU
		{4950F154-1D62-4A23-B922-A077EB5259AA}.Release|Any CPU.ActiveCfg = Release|Any CPU
		{4950F154-1D62-4A23-B922-A077EB5259AA}.Release|Any CPU.Build.0 = Release|Any CPU
		{4950F154-1D62-4A23-B922-A077EB5259AA}.Release|x64.ActiveCfg = Release|Any CPU
		{4950F154-1D62-4A23-B922-A077EB5259AA}.Release|x64.Build.0 = Release|Any CPU
		{4950F154-1D62-4A23-B922-A077EB5259AA}.Release|x86.ActiveCfg = Release|Any CPU
		{4950F154-1D62-4A23-B922-A077EB5259AA}.Release|x86.Build.0 = Release|Any CPU
		{4EB2C966-3FA9-41D8-A955-8DF876F42A12}.Debug|Any CPU.ActiveCfg = Debug|Any CPU
		{4EB2C966-3FA9-41D8-A955-8DF876F42A12}.Debug|Any CPU.Build.0 = Debug|Any CPU
		{4EB2C966-3FA9-41D8-A955-8DF876F42A12}.Debug|x64.ActiveCfg = Debug|Any CPU
		{4EB2C966-3FA9-41D8-A955-8DF876F42A12}.Debug|x64.Build.0 = Debug|Any CPU
		{4EB2C966-3FA9-41D8-A955-8DF876F42A12}.Debug|x86.ActiveCfg = Debug|Any CPU
		{4EB2C966-3FA9-41D8-A955-8DF876F42A12}.Debug|x86.Build.0 = Debug|Any CPU
		{4EB2C966-3FA9-41D8-A955-8DF876F42A12}.Release|Any CPU.ActiveCfg = Release|Any CPU
		{4EB2C966-3FA9-41D8-A955-8DF876F42A12}.Release|Any CPU.Build.0 = Release|Any CPU
		{4EB2C966-3FA9-41D8-A955-8DF876F42A12}.Release|x64.ActiveCfg = Release|Any CPU
		{4EB2C966-3FA9-41D8-A955-8DF876F42A12}.Release|x64.Build.0 = Release|Any CPU
		{4EB2C966-3FA9-41D8-A955-8DF876F42A12}.Release|x86.ActiveCfg = Release|Any CPU
		{4EB2C966-3FA9-41D8-A955-8DF876F42A12}.Release|x86.Build.0 = Release|Any CPU
	EndGlobalSection
	GlobalSection(SolutionProperties) = preSolution
		HideSolutionNode = FALSE
	EndGlobalSection
	GlobalSection(ExtensibilityGlobals) = postSolution
		SolutionGuid = {BADEF141-6DE3-49C8-BA2C-627738EAF9B3}
	EndGlobalSection
EndGlobal
